PODS:
  - Bolts/Tasks (1.8.4)
  - MBProgressHUD (1.0.0)
  - Parse (1.14.2):
    - Bolts/Tasks (~> 1.8)
  - SCLAlertView (0.7.0)
  - Sparrow/LaunchAnimation (1.1.0)
  - SwiftyStoreKit (0.10.4)

DEPENDENCIES:
  - MBProgressHUD
  - Parse
  - SCLAlertView
  - Sparrow/LaunchAnimation (from `https://github.com/IvanVorobei/Sparrow.git`)
  - SwiftyStoreKit

EXTERNAL SOURCES:
  Sparrow:
    :git: https://github.com/IvanVorobei/Sparrow.git

CHECKOUT OPTIONS:
  Sparrow:
    :commit: 7415a10e150d6344a10b11572d0d85f3df83319c
    :git: https://github.com/IvanVorobei/Sparrow.git

SPEC CHECKSUMS:
  Bolts: 8a7995239dbe724f9cba2248b766d48b7ebdd322
  MBProgressHUD: 4890f671c94e8a0f3cf959aa731e9de2f036d71a
  Parse: 4335d65f40cb3d43190d723144bbe1afb9c38230
  SCLAlertView: 8a14ffc40590c619e183eed2298b854385f30be1
  Sparrow: 86b8f0d7598dc52ff2b06bb1df05feb297d1821f
  SwiftyStoreKit: f38427d347c8ad0a0d250ae2b64f9f2fcde0569c

PODFILE CHECKSUM: be7140996f95b719e0685454b2ca33d996ba8ffa

COCOAPODS: 1.2.0
