// !$*UTF8*$!
{
	archiveVersion = 1;
	classes = {
	};
	objectVersion = 46;
	objects = {

/* Begin PBXBuildFile section */
		0392F2CF15D8CD0968DAF6F5 /* Pods_MusicianUITests.framework in Frameworks */ = {isa = PBXBuildFile; fileRef = F7E66A49FD1C93688AB389FF /* Pods_MusicianUITests.framework */; };
		43235F661F88103D005C5ED6 /* TaskTableViewCell.swift in Sources */ = {isa = PBXBuildFile; fileRef = 43235F651F88103C005C5ED6 /* TaskTableViewCell.swift */; };
		43235F681F89B460005C5ED6 /* ManageTourTableViewCell.swift in Sources */ = {isa = PBXBuildFile; fileRef = 43235F671F89B460005C5ED6 /* ManageTourTableViewCell.swift */; };
		432AE5251EEE1603004A315D /* AppDelegate.swift in Sources */ = {isa = PBXBuildFile; fileRef = 432AE5241EEE1603004A315D /* AppDelegate.swift */; };
		432AE52C1EEE1603004A315D /* Main.storyboard in Resources */ = {isa = PBXBuildFile; fileRef = 432AE52A1EEE1603004A315D /* Main.storyboard */; };
		432AE52E1EEE1604004A315D /* Assets.xcassets in Resources */ = {isa = PBXBuildFile; fileRef = 432AE52D1EEE1603004A315D /* Assets.xcassets */; };
		432AE5311EEE1604004A315D /* LaunchScreen.storyboard in Resources */ = {isa = PBXBuildFile; fileRef = 432AE52F1EEE1604004A315D /* LaunchScreen.storyboard */; };
		432AE53C1EEE1604004A315D /* MusicianTests.swift in Sources */ = {isa = PBXBuildFile; fileRef = 432AE53B1EEE1604004A315D /* MusicianTests.swift */; };
		432AE5471EEE1604004A315D /* MusicianUITests.swift in Sources */ = {isa = PBXBuildFile; fileRef = 432AE5461EEE1604004A315D /* MusicianUITests.swift */; };
		4349363C1F107D710086C240 /* MusicianBookingPlusViewController.swift in Sources */ = {isa = PBXBuildFile; fileRef = 4349363B1F107D700086C240 /* MusicianBookingPlusViewController.swift */; };
		434936411F20102C0086C240 /* StoreKit.framework in Frameworks */ = {isa = PBXBuildFile; fileRef = 434936401F20102C0086C240 /* StoreKit.framework */; };
		437D6ECD1EF096B000FD0A8F /* ViewController.swift in Sources */ = {isa = PBXBuildFile; fileRef = 437D6ECC1EF096B000FD0A8F /* ViewController.swift */; };
		437D6ECF1EF0979300FD0A8F /* Artwork.swift in Sources */ = {isa = PBXBuildFile; fileRef = 437D6ECE1EF0979300FD0A8F /* Artwork.swift */; };
		437D6ED11EF0980300FD0A8F /* VCMapView.swift in Sources */ = {isa = PBXBuildFile; fileRef = 437D6ED01EF0980300FD0A8F /* VCMapView.swift */; };
		437D6ED31EF1CFE200FD0A8F /* ContactsTableViewController.swift in Sources */ = {isa = PBXBuildFile; fileRef = 437D6ED21EF1CFE200FD0A8F /* ContactsTableViewController.swift */; };
		437D6ED51EF1EDC800FD0A8F /* City.swift in Sources */ = {isa = PBXBuildFile; fileRef = 437D6ED41EF1EDC800FD0A8F /* City.swift */; };
		437D6ED71EF381AB00FD0A8F /* AddVenueTableViewController.swift in Sources */ = {isa = PBXBuildFile; fileRef = 437D6ED61EF381AB00FD0A8F /* AddVenueTableViewController.swift */; };
		437D6ED91EF597FB00FD0A8F /* VenueDetailsTableViewController.swift in Sources */ = {isa = PBXBuildFile; fileRef = 437D6ED81EF597FB00FD0A8F /* VenueDetailsTableViewController.swift */; };
		437D6EDB1EF720F500FD0A8F /* BookingTemplatesTableViewController.swift in Sources */ = {isa = PBXBuildFile; fileRef = 437D6EDA1EF720F500FD0A8F /* BookingTemplatesTableViewController.swift */; };
		437D6EDF1EF9D85C00FD0A8F /* RadioContactsTableViewController.swift in Sources */ = {isa = PBXBuildFile; fileRef = 437D6EDE1EF9D85C00FD0A8F /* RadioContactsTableViewController.swift */; };
		437D6EE11EF9DEC500FD0A8F /* StationDetailsTableViewController.swift in Sources */ = {isa = PBXBuildFile; fileRef = 437D6EE01EF9DEC500FD0A8F /* StationDetailsTableViewController.swift */; };
		437D6EE31EFAE2A400FD0A8F /* LogInViewController.swift in Sources */ = {isa = PBXBuildFile; fileRef = 437D6EE21EFAE2A400FD0A8F /* LogInViewController.swift */; };
		437D6EE51EFAF01300FD0A8F /* ManageTourTableViewController.swift in Sources */ = {isa = PBXBuildFile; fileRef = 437D6EE41EFAF01300FD0A8F /* ManageTourTableViewController.swift */; };
		437D6EE71EFC1DBA00FD0A8F /* SignUpViewController.swift in Sources */ = {isa = PBXBuildFile; fileRef = 437D6EE61EFC1DBA00FD0A8F /* SignUpViewController.swift */; };
		437D6EE91EFC234D00FD0A8F /* WelcomeViewController.swift in Sources */ = {isa = PBXBuildFile; fileRef = 437D6EE81EFC234D00FD0A8F /* WelcomeViewController.swift */; };
		438A58091F95103000184CAC /* UserListTableViewController.swift in Sources */ = {isa = PBXBuildFile; fileRef = 438A58081F95103000184CAC /* UserListTableViewController.swift */; };
		438A580B1F95224800184CAC /* UserListTableViewCell.swift in Sources */ = {isa = PBXBuildFile; fileRef = 438A580A1F95224800184CAC /* UserListTableViewCell.swift */; };
		43CB92001EFD7C1D000A2502 /* ShowDateViewController.swift in Sources */ = {isa = PBXBuildFile; fileRef = 43CB91FF1EFD7C1D000A2502 /* ShowDateViewController.swift */; };
		43CB92031EFDAF46000A2502 /* Gilroy-Light.otf in Resources */ = {isa = PBXBuildFile; fileRef = 43CB92011EFD9535000A2502 /* Gilroy-Light.otf */; };
		43CB92041EFDAF4E000A2502 /* Gilroy-ExtraBold.otf in Resources */ = {isa = PBXBuildFile; fileRef = 43CB92021EFD953F000A2502 /* Gilroy-ExtraBold.otf */; };
		43CB92061F004430000A2502 /* SupportTableViewController.swift in Sources */ = {isa = PBXBuildFile; fileRef = 43CB92051F004430000A2502 /* SupportTableViewController.swift */; };
		43CB92081F014D02000A2502 /* AddStationTableViewController.swift in Sources */ = {isa = PBXBuildFile; fileRef = 43CB92071F014D02000A2502 /* AddStationTableViewController.swift */; };
		43CB920A1F03E88F000A2502 /* TourVenueDetailsTableViewController.swift in Sources */ = {isa = PBXBuildFile; fileRef = 43CB92091F03E88F000A2502 /* TourVenueDetailsTableViewController.swift */; };
		43CB920C1F047675000A2502 /* BandInfoViewController.swift in Sources */ = {isa = PBXBuildFile; fileRef = 43CB920B1F047675000A2502 /* BandInfoViewController.swift */; };
		43CB920E1F0E969C000A2502 /* RadioCampaignOverviewViewController.swift in Sources */ = {isa = PBXBuildFile; fileRef = 43CB920D1F0E969B000A2502 /* RadioCampaignOverviewViewController.swift */; };
		43CB92101F0E98C9000A2502 /* SampleOneSheetViewController.swift in Sources */ = {isa = PBXBuildFile; fileRef = 43CB920F1F0E98C9000A2502 /* SampleOneSheetViewController.swift */; };
		43CB92121F0E9D2F000A2502 /* SamplePackagingViewController.swift in Sources */ = {isa = PBXBuildFile; fileRef = 43CB92111F0E9D2F000A2502 /* SamplePackagingViewController.swift */; };
		43CB92141F0E9FE7000A2502 /* StepByStepPreparationViewController.swift in Sources */ = {isa = PBXBuildFile; fileRef = 43CB92131F0E9FE7000A2502 /* StepByStepPreparationViewController.swift */; };
		43DA1B0B1F82D5D100C0E889 /* CalendarTableViewController.swift in Sources */ = {isa = PBXBuildFile; fileRef = 43DA1B0A1F82D5D000C0E889 /* CalendarTableViewController.swift */; };
		4EF3A5F8895307473FFE8241 /* Pods_Musician.framework in Frameworks */ = {isa = PBXBuildFile; fileRef = 8B4D14653A1060E178B46240 /* Pods_Musician.framework */; };
		9DDEE0B3A0820387025C46D5 /* Pods_MusicianTests.framework in Frameworks */ = {isa = PBXBuildFile; fileRef = 556AD58A6F5E29E172EF54B3 /* Pods_MusicianTests.framework */; };
/* End PBXBuildFile section */

/* Begin PBXContainerItemProxy section */
		432AE5381EEE1604004A315D /* PBXContainerItemProxy */ = {
			isa = PBXContainerItemProxy;
			containerPortal = 432AE5191EEE1603004A315D /* Project object */;
			proxyType = 1;
			remoteGlobalIDString = 432AE5201EEE1603004A315D;
			remoteInfo = Musician;
		};
		432AE5431EEE1604004A315D /* PBXContainerItemProxy */ = {
			isa = PBXContainerItemProxy;
			containerPortal = 432AE5191EEE1603004A315D /* Project object */;
			proxyType = 1;
			remoteGlobalIDString = 432AE5201EEE1603004A315D;
			remoteInfo = Musician;
		};
/* End PBXContainerItemProxy section */

/* Begin PBXFileReference section */
		2BD255091B88741137ADC0B2 /* Pods-MusicianTests.release.xcconfig */ = {isa = PBXFileReference; includeInIndex = 1; lastKnownFileType = text.xcconfig; name = "Pods-MusicianTests.release.xcconfig"; path = "Pods/Target Support Files/Pods-MusicianTests/Pods-MusicianTests.release.xcconfig"; sourceTree = "<group>"; };
		43235F651F88103C005C5ED6 /* TaskTableViewCell.swift */ = {isa = PBXFileReference; fileEncoding = 4; lastKnownFileType = sourcecode.swift; path = TaskTableViewCell.swift; sourceTree = "<group>"; };
		43235F671F89B460005C5ED6 /* ManageTourTableViewCell.swift */ = {isa = PBXFileReference; fileEncoding = 4; lastKnownFileType = sourcecode.swift; path = ManageTourTableViewCell.swift; sourceTree = "<group>"; };
		432AE5211EEE1603004A315D /* Musician.app */ = {isa = PBXFileReference; explicitFileType = wrapper.application; includeInIndex = 0; path = Musician.app; sourceTree = BUILT_PRODUCTS_DIR; };
		432AE5241EEE1603004A315D /* AppDelegate.swift */ = {isa = PBXFileReference; lastKnownFileType = sourcecode.swift; path = AppDelegate.swift; sourceTree = "<group>"; };
		432AE52B1EEE1603004A315D /* Base */ = {isa = PBXFileReference; lastKnownFileType = file.storyboard; name = Base; path = Base.lproj/Main.storyboard; sourceTree = "<group>"; };
		432AE52D1EEE1603004A315D /* Assets.xcassets */ = {isa = PBXFileReference; lastKnownFileType = folder.assetcatalog; path = Assets.xcassets; sourceTree = "<group>"; };
		432AE5301EEE1604004A315D /* Base */ = {isa = PBXFileReference; lastKnownFileType = file.storyboard; name = Base; path = Base.lproj/LaunchScreen.storyboard; sourceTree = "<group>"; };
		432AE5321EEE1604004A315D /* Info.plist */ = {isa = PBXFileReference; lastKnownFileType = text.plist.xml; path = Info.plist; sourceTree = "<group>"; };
		432AE5371EEE1604004A315D /* MusicianTests.xctest */ = {isa = PBXFileReference; explicitFileType = wrapper.cfbundle; includeInIndex = 0; path = MusicianTests.xctest; sourceTree = BUILT_PRODUCTS_DIR; };
		432AE53B1EEE1604004A315D /* MusicianTests.swift */ = {isa = PBXFileReference; lastKnownFileType = sourcecode.swift; path = MusicianTests.swift; sourceTree = "<group>"; };
		432AE53D1EEE1604004A315D /* Info.plist */ = {isa = PBXFileReference; lastKnownFileType = text.plist.xml; path = Info.plist; sourceTree = "<group>"; };
		432AE5421EEE1604004A315D /* MusicianUITests.xctest */ = {isa = PBXFileReference; explicitFileType = wrapper.cfbundle; includeInIndex = 0; path = MusicianUITests.xctest; sourceTree = BUILT_PRODUCTS_DIR; };
		432AE5461EEE1604004A315D /* MusicianUITests.swift */ = {isa = PBXFileReference; lastKnownFileType = sourcecode.swift; path = MusicianUITests.swift; sourceTree = "<group>"; };
		432AE5481EEE1604004A315D /* Info.plist */ = {isa = PBXFileReference; lastKnownFileType = text.plist.xml; path = Info.plist; sourceTree = "<group>"; };
		4349363B1F107D700086C240 /* MusicianBookingPlusViewController.swift */ = {isa = PBXFileReference; fileEncoding = 4; lastKnownFileType = sourcecode.swift; path = MusicianBookingPlusViewController.swift; sourceTree = "<group>"; };
		434936401F20102C0086C240 /* StoreKit.framework */ = {isa = PBXFileReference; lastKnownFileType = wrapper.framework; name = StoreKit.framework; path = System/Library/Frameworks/StoreKit.framework; sourceTree = SDKROOT; };
		437D6ECC1EF096B000FD0A8F /* ViewController.swift */ = {isa = PBXFileReference; fileEncoding = 4; lastKnownFileType = sourcecode.swift; path = ViewController.swift; sourceTree = "<group>"; };
		437D6ECE1EF0979300FD0A8F /* Artwork.swift */ = {isa = PBXFileReference; fileEncoding = 4; lastKnownFileType = sourcecode.swift; path = Artwork.swift; sourceTree = "<group>"; };
		437D6ED01EF0980300FD0A8F /* VCMapView.swift */ = {isa = PBXFileReference; fileEncoding = 4; lastKnownFileType = sourcecode.swift; path = VCMapView.swift; sourceTree = "<group>"; };
		437D6ED21EF1CFE200FD0A8F /* ContactsTableViewController.swift */ = {isa = PBXFileReference; fileEncoding = 4; lastKnownFileType = sourcecode.swift; path = ContactsTableViewController.swift; sourceTree = "<group>"; };
		437D6ED41EF1EDC800FD0A8F /* City.swift */ = {isa = PBXFileReference; fileEncoding = 4; lastKnownFileType = sourcecode.swift; path = City.swift; sourceTree = "<group>"; };
		437D6ED61EF381AB00FD0A8F /* AddVenueTableViewController.swift */ = {isa = PBXFileReference; fileEncoding = 4; lastKnownFileType = sourcecode.swift; path = AddVenueTableViewController.swift; sourceTree = "<group>"; };
		437D6ED81EF597FB00FD0A8F /* VenueDetailsTableViewController.swift */ = {isa = PBXFileReference; fileEncoding = 4; lastKnownFileType = sourcecode.swift; path = VenueDetailsTableViewController.swift; sourceTree = "<group>"; };
		437D6EDA1EF720F500FD0A8F /* BookingTemplatesTableViewController.swift */ = {isa = PBXFileReference; fileEncoding = 4; lastKnownFileType = sourcecode.swift; path = BookingTemplatesTableViewController.swift; sourceTree = "<group>"; };
		437D6EDE1EF9D85C00FD0A8F /* RadioContactsTableViewController.swift */ = {isa = PBXFileReference; fileEncoding = 4; lastKnownFileType = sourcecode.swift; path = RadioContactsTableViewController.swift; sourceTree = "<group>"; };
		437D6EE01EF9DEC500FD0A8F /* StationDetailsTableViewController.swift */ = {isa = PBXFileReference; fileEncoding = 4; lastKnownFileType = sourcecode.swift; path = StationDetailsTableViewController.swift; sourceTree = "<group>"; };
		437D6EE21EFAE2A400FD0A8F /* LogInViewController.swift */ = {isa = PBXFileReference; fileEncoding = 4; lastKnownFileType = sourcecode.swift; path = LogInViewController.swift; sourceTree = "<group>"; };
		437D6EE41EFAF01300FD0A8F /* ManageTourTableViewController.swift */ = {isa = PBXFileReference; fileEncoding = 4; lastKnownFileType = sourcecode.swift; path = ManageTourTableViewController.swift; sourceTree = "<group>"; };
		437D6EE61EFC1DBA00FD0A8F /* SignUpViewController.swift */ = {isa = PBXFileReference; fileEncoding = 4; lastKnownFileType = sourcecode.swift; path = SignUpViewController.swift; sourceTree = "<group>"; };
		437D6EE81EFC234D00FD0A8F /* WelcomeViewController.swift */ = {isa = PBXFileReference; fileEncoding = 4; lastKnownFileType = sourcecode.swift; path = WelcomeViewController.swift; sourceTree = "<group>"; };
		438A58081F95103000184CAC /* UserListTableViewController.swift */ = {isa = PBXFileReference; fileEncoding = 4; lastKnownFileType = sourcecode.swift; path = UserListTableViewController.swift; sourceTree = "<group>"; };
		438A580A1F95224800184CAC /* UserListTableViewCell.swift */ = {isa = PBXFileReference; fileEncoding = 4; lastKnownFileType = sourcecode.swift; path = UserListTableViewCell.swift; sourceTree = "<group>"; };
		43CB91FF1EFD7C1D000A2502 /* ShowDateViewController.swift */ = {isa = PBXFileReference; fileEncoding = 4; lastKnownFileType = sourcecode.swift; path = ShowDateViewController.swift; sourceTree = "<group>"; };
		43CB92011EFD9535000A2502 /* Gilroy-Light.otf */ = {isa = PBXFileReference; lastKnownFileType = file; path = "Gilroy-Light.otf"; sourceTree = "<group>"; };
		43CB92021EFD953F000A2502 /* Gilroy-ExtraBold.otf */ = {isa = PBXFileReference; lastKnownFileType = file; path = "Gilroy-ExtraBold.otf"; sourceTree = "<group>"; };
		43CB92051F004430000A2502 /* SupportTableViewController.swift */ = {isa = PBXFileReference; fileEncoding = 4; lastKnownFileType = sourcecode.swift; path = SupportTableViewController.swift; sourceTree = "<group>"; };
		43CB92071F014D02000A2502 /* AddStationTableViewController.swift */ = {isa = PBXFileReference; fileEncoding = 4; lastKnownFileType = sourcecode.swift; path = AddStationTableViewController.swift; sourceTree = "<group>"; };
		43CB92091F03E88F000A2502 /* TourVenueDetailsTableViewController.swift */ = {isa = PBXFileReference; fileEncoding = 4; lastKnownFileType = sourcecode.swift; path = TourVenueDetailsTableViewController.swift; sourceTree = "<group>"; };
		43CB920B1F047675000A2502 /* BandInfoViewController.swift */ = {isa = PBXFileReference; fileEncoding = 4; lastKnownFileType = sourcecode.swift; path = BandInfoViewController.swift; sourceTree = "<group>"; };
		43CB920D1F0E969B000A2502 /* RadioCampaignOverviewViewController.swift */ = {isa = PBXFileReference; fileEncoding = 4; lastKnownFileType = sourcecode.swift; path = RadioCampaignOverviewViewController.swift; sourceTree = "<group>"; };
		43CB920F1F0E98C9000A2502 /* SampleOneSheetViewController.swift */ = {isa = PBXFileReference; fileEncoding = 4; lastKnownFileType = sourcecode.swift; path = SampleOneSheetViewController.swift; sourceTree = "<group>"; };
		43CB92111F0E9D2F000A2502 /* SamplePackagingViewController.swift */ = {isa = PBXFileReference; fileEncoding = 4; lastKnownFileType = sourcecode.swift; path = SamplePackagingViewController.swift; sourceTree = "<group>"; };
		43CB92131F0E9FE7000A2502 /* StepByStepPreparationViewController.swift */ = {isa = PBXFileReference; fileEncoding = 4; lastKnownFileType = sourcecode.swift; path = StepByStepPreparationViewController.swift; sourceTree = "<group>"; };
		43DA1B0A1F82D5D000C0E889 /* CalendarTableViewController.swift */ = {isa = PBXFileReference; fileEncoding = 4; lastKnownFileType = sourcecode.swift; path = CalendarTableViewController.swift; sourceTree = "<group>"; };
		44F2824FC8B4D53EACED2C43 /* Pods-Musician.release.xcconfig */ = {isa = PBXFileReference; includeInIndex = 1; lastKnownFileType = text.xcconfig; name = "Pods-Musician.release.xcconfig"; path = "Pods/Target Support Files/Pods-Musician/Pods-Musician.release.xcconfig"; sourceTree = "<group>"; };
		556AD58A6F5E29E172EF54B3 /* Pods_MusicianTests.framework */ = {isa = PBXFileReference; explicitFileType = wrapper.framework; includeInIndex = 0; path = Pods_MusicianTests.framework; sourceTree = BUILT_PRODUCTS_DIR; };
		6BAC581EC3F6BFBC42332772 /* Pods-MusicianUITests.debug.xcconfig */ = {isa = PBXFileReference; includeInIndex = 1; lastKnownFileType = text.xcconfig; name = "Pods-MusicianUITests.debug.xcconfig"; path = "Pods/Target Support Files/Pods-MusicianUITests/Pods-MusicianUITests.debug.xcconfig"; sourceTree = "<group>"; };
		8B4D14653A1060E178B46240 /* Pods_Musician.framework */ = {isa = PBXFileReference; explicitFileType = wrapper.framework; includeInIndex = 0; path = Pods_Musician.framework; sourceTree = BUILT_PRODUCTS_DIR; };
		A2FE3F5B3542A09B7AD94896 /* Pods-Musician.debug.xcconfig */ = {isa = PBXFileReference; includeInIndex = 1; lastKnownFileType = text.xcconfig; name = "Pods-Musician.debug.xcconfig"; path = "Pods/Target Support Files/Pods-Musician/Pods-Musician.debug.xcconfig"; sourceTree = "<group>"; };
		ACECEC7BC4BC2ED64F342246 /* Pods-MusicianTests.debug.xcconfig */ = {isa = PBXFileReference; includeInIndex = 1; lastKnownFileType = text.xcconfig; name = "Pods-MusicianTests.debug.xcconfig"; path = "Pods/Target Support Files/Pods-MusicianTests/Pods-MusicianTests.debug.xcconfig"; sourceTree = "<group>"; };
		E8C1100D74BBA74D5324AF79 /* Pods-MusicianUITests.release.xcconfig */ = {isa = PBXFileReference; includeInIndex = 1; lastKnownFileType = text.xcconfig; name = "Pods-MusicianUITests.release.xcconfig"; path = "Pods/Target Support Files/Pods-MusicianUITests/Pods-MusicianUITests.release.xcconfig"; sourceTree = "<group>"; };
		F7E66A49FD1C93688AB389FF /* Pods_MusicianUITests.framework */ = {isa = PBXFileReference; explicitFileType = wrapper.framework; includeInIndex = 0; path = Pods_MusicianUITests.framework; sourceTree = BUILT_PRODUCTS_DIR; };
/* End PBXFileReference section */

/* Begin PBXFrameworksBuildPhase section */
		432AE51E1EEE1603004A315D /* Frameworks */ = {
			isa = PBXFrameworksBuildPhase;
			buildActionMask = 2147483647;
			files = (
				4EF3A5F8895307473FFE8241 /* Pods_Musician.framework in Frameworks */,
				434936411F20102C0086C240 /* StoreKit.framework in Frameworks */,
			);
			runOnlyForDeploymentPostprocessing = 0;
		};
		432AE5341EEE1604004A315D /* Frameworks */ = {
			isa = PBXFrameworksBuildPhase;
			buildActionMask = 2147483647;
			files = (
				9DDEE0B3A0820387025C46D5 /* Pods_MusicianTests.framework in Frameworks */,
			);
			runOnlyForDeploymentPostprocessing = 0;
		};
		432AE53F1EEE1604004A315D /* Frameworks */ = {
			isa = PBXFrameworksBuildPhase;
			buildActionMask = 2147483647;
			files = (
				0392F2CF15D8CD0968DAF6F5 /* Pods_MusicianUITests.framework in Frameworks */,
			);
			runOnlyForDeploymentPostprocessing = 0;
		};
/* End PBXFrameworksBuildPhase section */

/* Begin PBXGroup section */
		432AE5181EEE1603004A315D = {
			isa = PBXGroup;
			children = (
				432AE5231EEE1603004A315D /* Musician */,
				432AE53A1EEE1604004A315D /* MusicianTests */,
				432AE5451EEE1604004A315D /* MusicianUITests */,
				432AE5221EEE1603004A315D /* Products */,
				F08933E965E98237B0261C02 /* Pods */,
				F6978FCFDDDBD69514BC1C2A /* Frameworks */,
			);
			sourceTree = "<group>";
		};
		432AE5221EEE1603004A315D /* Products */ = {
			isa = PBXGroup;
			children = (
				432AE5211EEE1603004A315D /* Musician.app */,
				432AE5371EEE1604004A315D /* MusicianTests.xctest */,
				432AE5421EEE1604004A315D /* MusicianUITests.xctest */,
			);
			name = Products;
			sourceTree = "<group>";
		};
		432AE5231EEE1603004A315D /* Musician */ = {
			isa = PBXGroup;
			children = (
				432AE5241EEE1603004A315D /* AppDelegate.swift */,
				432AE52A1EEE1603004A315D /* Main.storyboard */,
				438A580A1F95224800184CAC /* UserListTableViewCell.swift */,
				438A58081F95103000184CAC /* UserListTableViewController.swift */,
				432AE52F1EEE1604004A315D /* LaunchScreen.storyboard */,
				432AE52D1EEE1603004A315D /* Assets.xcassets */,
				43F5CA391F0EE8C200DEE157 /* Log In */,
				43F5CA381F0EE8A300DEE157 /* Home Tab */,
				43F5CA3C1F0EE95900DEE157 /* Manage Tour */,
				43F5CA3A1F0EE8F800DEE157 /* Venues Tab */,
				43F5CA3B1F0EE92300DEE157 /* Radio Stations Tab */,
				43F5CA3D1F0EE98500DEE157 /* Templates Tab */,
				43F5CA3E1F0EE9D700DEE157 /* Support Tab */,
				4349363D1F107D840086C240 /* In App Purchase */,
				43CB92011EFD9535000A2502 /* Gilroy-Light.otf */,
				43CB92021EFD953F000A2502 /* Gilroy-ExtraBold.otf */,
				432AE5321EEE1604004A315D /* Info.plist */,
			);
			path = Musician;
			sourceTree = "<group>";
		};
		432AE53A1EEE1604004A315D /* MusicianTests */ = {
			isa = PBXGroup;
			children = (
				432AE53B1EEE1604004A315D /* MusicianTests.swift */,
				432AE53D1EEE1604004A315D /* Info.plist */,
			);
			path = MusicianTests;
			sourceTree = "<group>";
		};
		432AE5451EEE1604004A315D /* MusicianUITests */ = {
			isa = PBXGroup;
			children = (
				432AE5461EEE1604004A315D /* MusicianUITests.swift */,
				432AE5481EEE1604004A315D /* Info.plist */,
			);
			path = MusicianUITests;
			sourceTree = "<group>";
		};
		4349363D1F107D840086C240 /* In App Purchase */ = {
			isa = PBXGroup;
			children = (
				4349363B1F107D700086C240 /* MusicianBookingPlusViewController.swift */,
			);
			name = "In App Purchase";
			sourceTree = "<group>";
		};
		43F5CA381F0EE8A300DEE157 /* Home Tab */ = {
			isa = PBXGroup;
			children = (
				437D6ECC1EF096B000FD0A8F /* ViewController.swift */,
				43CB920B1F047675000A2502 /* BandInfoViewController.swift */,
				437D6ECE1EF0979300FD0A8F /* Artwork.swift */,
				437D6ED01EF0980300FD0A8F /* VCMapView.swift */,
				43DA1B0A1F82D5D000C0E889 /* CalendarTableViewController.swift */,
				43235F651F88103C005C5ED6 /* TaskTableViewCell.swift */,
			);
			name = "Home Tab";
			sourceTree = "<group>";
		};
		43F5CA391F0EE8C200DEE157 /* Log In */ = {
			isa = PBXGroup;
			children = (
				437D6EE81EFC234D00FD0A8F /* WelcomeViewController.swift */,
				437D6EE21EFAE2A400FD0A8F /* LogInViewController.swift */,
				437D6EE61EFC1DBA00FD0A8F /* SignUpViewController.swift */,
			);
			name = "Log In";
			sourceTree = "<group>";
		};
		43F5CA3A1F0EE8F800DEE157 /* Venues Tab */ = {
			isa = PBXGroup;
			children = (
				437D6ED21EF1CFE200FD0A8F /* ContactsTableViewController.swift */,
				437D6ED81EF597FB00FD0A8F /* VenueDetailsTableViewController.swift */,
				437D6ED61EF381AB00FD0A8F /* AddVenueTableViewController.swift */,
				43CB91FF1EFD7C1D000A2502 /* ShowDateViewController.swift */,
				437D6ED41EF1EDC800FD0A8F /* City.swift */,
			);
			name = "Venues Tab";
			sourceTree = "<group>";
		};
		43F5CA3B1F0EE92300DEE157 /* Radio Stations Tab */ = {
			isa = PBXGroup;
			children = (
				437D6EDE1EF9D85C00FD0A8F /* RadioContactsTableViewController.swift */,
				437D6EE01EF9DEC500FD0A8F /* StationDetailsTableViewController.swift */,
				43CB92071F014D02000A2502 /* AddStationTableViewController.swift */,
			);
			name = "Radio Stations Tab";
			sourceTree = "<group>";
		};
		43F5CA3C1F0EE95900DEE157 /* Manage Tour */ = {
			isa = PBXGroup;
			children = (
				437D6EE41EFAF01300FD0A8F /* ManageTourTableViewController.swift */,
				43CB92091F03E88F000A2502 /* TourVenueDetailsTableViewController.swift */,
				43235F671F89B460005C5ED6 /* ManageTourTableViewCell.swift */,
			);
			name = "Manage Tour";
			sourceTree = "<group>";
		};
		43F5CA3D1F0EE98500DEE157 /* Templates Tab */ = {
			isa = PBXGroup;
			children = (
				437D6EDA1EF720F500FD0A8F /* BookingTemplatesTableViewController.swift */,
				43CB92131F0E9FE7000A2502 /* StepByStepPreparationViewController.swift */,
				43CB92111F0E9D2F000A2502 /* SamplePackagingViewController.swift */,
				43CB920F1F0E98C9000A2502 /* SampleOneSheetViewController.swift */,
				43CB920D1F0E969B000A2502 /* RadioCampaignOverviewViewController.swift */,
			);
			name = "Templates Tab";
			sourceTree = "<group>";
		};
		43F5CA3E1F0EE9D700DEE157 /* Support Tab */ = {
			isa = PBXGroup;
			children = (
				43CB92051F004430000A2502 /* SupportTableViewController.swift */,
			);
			name = "Support Tab";
			sourceTree = "<group>";
		};
		F08933E965E98237B0261C02 /* Pods */ = {
			isa = PBXGroup;
			children = (
				A2FE3F5B3542A09B7AD94896 /* Pods-Musician.debug.xcconfig */,
				44F2824FC8B4D53EACED2C43 /* Pods-Musician.release.xcconfig */,
				ACECEC7BC4BC2ED64F342246 /* Pods-MusicianTests.debug.xcconfig */,
				2BD255091B88741137ADC0B2 /* Pods-MusicianTests.release.xcconfig */,
				6BAC581EC3F6BFBC42332772 /* Pods-MusicianUITests.debug.xcconfig */,
				E8C1100D74BBA74D5324AF79 /* Pods-MusicianUITests.release.xcconfig */,
			);
			name = Pods;
			sourceTree = "<group>";
		};
		F6978FCFDDDBD69514BC1C2A /* Frameworks */ = {
			isa = PBXGroup;
			children = (
				434936401F20102C0086C240 /* StoreKit.framework */,
				8B4D14653A1060E178B46240 /* Pods_Musician.framework */,
				556AD58A6F5E29E172EF54B3 /* Pods_MusicianTests.framework */,
				F7E66A49FD1C93688AB389FF /* Pods_MusicianUITests.framework */,
			);
			name = Frameworks;
			sourceTree = "<group>";
		};
/* End PBXGroup section */

/* Begin PBXNativeTarget section */
		432AE5201EEE1603004A315D /* Musician */ = {
			isa = PBXNativeTarget;
			buildConfigurationList = 432AE54B1EEE1604004A315D /* Build configuration list for PBXNativeTarget "Musician" */;
			buildPhases = (
				DA578E3E19B151F020D151CF /* [CP] Check Pods Manifest.lock */,
				432AE51D1EEE1603004A315D /* Sources */,
				432AE51E1EEE1603004A315D /* Frameworks */,
				432AE51F1EEE1603004A315D /* Resources */,
				ABA52D31D3AD8D5D81EF34E5 /* [CP] Embed Pods Frameworks */,
				D40C0631B33E4AA31B9E6D0D /* [CP] Copy Pods Resources */,
			);
			buildRules = (
			);
			dependencies = (
			);
			name = Musician;
			productName = Musician;
			productReference = 432AE5211EEE1603004A315D /* Musician.app */;
			productType = "com.apple.product-type.application";
		};
		432AE5361EEE1604004A315D /* MusicianTests */ = {
			isa = PBXNativeTarget;
			buildConfigurationList = 432AE54E1EEE1604004A315D /* Build configuration list for PBXNativeTarget "MusicianTests" */;
			buildPhases = (
				F40D814FFD2A011BE8BEA014 /* [CP] Check Pods Manifest.lock */,
				432AE5331EEE1604004A315D /* Sources */,
				432AE5341EEE1604004A315D /* Frameworks */,
				432AE5351EEE1604004A315D /* Resources */,
				EFA611EACC85A9B655512BDE /* [CP] Embed Pods Frameworks */,
				9A93EC6881F2A92C6DDB4D4C /* [CP] Copy Pods Resources */,
			);
			buildRules = (
			);
			dependencies = (
				432AE5391EEE1604004A315D /* PBXTargetDependency */,
			);
			name = MusicianTests;
			productName = MusicianTests;
			productReference = 432AE5371EEE1604004A315D /* MusicianTests.xctest */;
			productType = "com.apple.product-type.bundle.unit-test";
		};
		432AE5411EEE1604004A315D /* MusicianUITests */ = {
			isa = PBXNativeTarget;
			buildConfigurationList = 432AE5511EEE1604004A315D /* Build configuration list for PBXNativeTarget "MusicianUITests" */;
			buildPhases = (
				ED9F59F81E906AFB922A41EC /* [CP] Check Pods Manifest.lock */,
				432AE53E1EEE1604004A315D /* Sources */,
				432AE53F1EEE1604004A315D /* Frameworks */,
				432AE5401EEE1604004A315D /* Resources */,
				010132112926094B47595623 /* [CP] Embed Pods Frameworks */,
				305D7F3D45E69F17B07C5872 /* [CP] Copy Pods Resources */,
			);
			buildRules = (
			);
			dependencies = (
				432AE5441EEE1604004A315D /* PBXTargetDependency */,
			);
			name = MusicianUITests;
			productName = MusicianUITests;
			productReference = 432AE5421EEE1604004A315D /* MusicianUITests.xctest */;
			productType = "com.apple.product-type.bundle.ui-testing";
		};
/* End PBXNativeTarget section */

/* Begin PBXProject section */
		432AE5191EEE1603004A315D /* Project object */ = {
			isa = PBXProject;
			attributes = {
				LastSwiftUpdateCheck = 0830;
				LastUpgradeCheck = 0830;
				ORGANIZATIONNAME = "FinleyKnight, Inc.";
				TargetAttributes = {
					432AE5201EEE1603004A315D = {
						CreatedOnToolsVersion = 8.3.3;
						DevelopmentTeam = 24E54K9DKU;
						ProvisioningStyle = Automatic;
						SystemCapabilities = {
							com.apple.InAppPurchase = {
								enabled = 1;
							};
						};
					};
					432AE5361EEE1604004A315D = {
						CreatedOnToolsVersion = 8.3.3;
						ProvisioningStyle = Automatic;
						TestTargetID = 432AE5201EEE1603004A315D;
					};
					432AE5411EEE1604004A315D = {
						CreatedOnToolsVersion = 8.3.3;
						ProvisioningStyle = Automatic;
						TestTargetID = 432AE5201EEE1603004A315D;
					};
				};
			};
			buildConfigurationList = 432AE51C1EEE1603004A315D /* Build configuration list for PBXProject "Musician" */;
			compatibilityVersion = "Xcode 3.2";
			developmentRegion = English;
			hasScannedForEncodings = 0;
			knownRegions = (
				en,
				Base,
			);
			mainGroup = 432AE5181EEE1603004A315D;
			productRefGroup = 432AE5221EEE1603004A315D /* Products */;
			projectDirPath = "";
			projectRoot = "";
			targets = (
				432AE5201EEE1603004A315D /* Musician */,
				432AE5361EEE1604004A315D /* MusicianTests */,
				432AE5411EEE1604004A315D /* MusicianUITests */,
			);
		};
/* End PBXProject section */

/* Begin PBXResourcesBuildPhase section */
		432AE51F1EEE1603004A315D /* Resources */ = {
			isa = PBXResourcesBuildPhase;
			buildActionMask = 2147483647;
			files = (
				43CB92041EFDAF4E000A2502 /* Gilroy-ExtraBold.otf in Resources */,
				43CB92031EFDAF46000A2502 /* Gilroy-Light.otf in Resources */,
				432AE5311EEE1604004A315D /* LaunchScreen.storyboard in Resources */,
				432AE52E1EEE1604004A315D /* Assets.xcassets in Resources */,
				432AE52C1EEE1603004A315D /* Main.storyboard in Resources */,
			);
			runOnlyForDeploymentPostprocessing = 0;
		};
		432AE5351EEE1604004A315D /* Resources */ = {
			isa = PBXResourcesBuildPhase;
			buildActionMask = 2147483647;
			files = (
			);
			runOnlyForDeploymentPostprocessing = 0;
		};
		432AE5401EEE1604004A315D /* Resources */ = {
			isa = PBXResourcesBuildPhase;
			buildActionMask = 2147483647;
			files = (
			);
			runOnlyForDeploymentPostprocessing = 0;
		};
/* End PBXResourcesBuildPhase section */

/* Begin PBXShellScriptBuildPhase section */
		010132112926094B47595623 /* [CP] Embed Pods Frameworks */ = {
			isa = PBXShellScriptBuildPhase;
			buildActionMask = 2147483647;
			files = (
			);
			inputPaths = (
			);
			name = "[CP] Embed Pods Frameworks";
			outputPaths = (
			);
			runOnlyForDeploymentPostprocessing = 0;
			shellPath = /bin/sh;
			shellScript = "\"${SRCROOT}/Pods/Target Support Files/Pods-MusicianUITests/Pods-MusicianUITests-frameworks.sh\"\n";
			showEnvVarsInLog = 0;
		};
		305D7F3D45E69F17B07C5872 /* [CP] Copy Pods Resources */ = {
			isa = PBXShellScriptBuildPhase;
			buildActionMask = 2147483647;
			files = (
			);
			inputPaths = (
			);
			name = "[CP] Copy Pods Resources";
			outputPaths = (
			);
			runOnlyForDeploymentPostprocessing = 0;
			shellPath = /bin/sh;
			shellScript = "\"${SRCROOT}/Pods/Target Support Files/Pods-MusicianUITests/Pods-MusicianUITests-resources.sh\"\n";
			showEnvVarsInLog = 0;
		};
		9A93EC6881F2A92C6DDB4D4C /* [CP] Copy Pods Resources */ = {
			isa = PBXShellScriptBuildPhase;
			buildActionMask = 2147483647;
			files = (
			);
			inputPaths = (
			);
			name = "[CP] Copy Pods Resources";
			outputPaths = (
			);
			runOnlyForDeploymentPostprocessing = 0;
			shellPath = /bin/sh;
			shellScript = "\"${SRCROOT}/Pods/Target Support Files/Pods-MusicianTests/Pods-MusicianTests-resources.sh\"\n";
			showEnvVarsInLog = 0;
		};
		ABA52D31D3AD8D5D81EF34E5 /* [CP] Embed Pods Frameworks */ = {
			isa = PBXShellScriptBuildPhase;
			buildActionMask = 2147483647;
			files = (
			);
			inputPaths = (
			);
			name = "[CP] Embed Pods Frameworks";
			outputPaths = (
			);
			runOnlyForDeploymentPostprocessing = 0;
			shellPath = /bin/sh;
			shellScript = "\"${SRCROOT}/Pods/Target Support Files/Pods-Musician/Pods-Musician-frameworks.sh\"\n";
			showEnvVarsInLog = 0;
		};
		D40C0631B33E4AA31B9E6D0D /* [CP] Copy Pods Resources */ = {
			isa = PBXShellScriptBuildPhase;
			buildActionMask = 2147483647;
			files = (
			);
			inputPaths = (
			);
			name = "[CP] Copy Pods Resources";
			outputPaths = (
			);
			runOnlyForDeploymentPostprocessing = 0;
			shellPath = /bin/sh;
			shellScript = "\"${SRCROOT}/Pods/Target Support Files/Pods-Musician/Pods-Musician-resources.sh\"\n";
			showEnvVarsInLog = 0;
		};
		DA578E3E19B151F020D151CF /* [CP] Check Pods Manifest.lock */ = {
			isa = PBXShellScriptBuildPhase;
			buildActionMask = 2147483647;
			files = (
			);
			inputPaths = (
			);
			name = "[CP] Check Pods Manifest.lock";
			outputPaths = (
			);
			runOnlyForDeploymentPostprocessing = 0;
			shellPath = /bin/sh;
			shellScript = "diff \"${PODS_ROOT}/../Podfile.lock\" \"${PODS_ROOT}/Manifest.lock\" > /dev/null\nif [ $? != 0 ] ; then\n    # print error to STDERR\n    echo \"error: The sandbox is not in sync with the Podfile.lock. Run 'pod install' or update your CocoaPods installation.\" >&2\n    exit 1\nfi\n";
			showEnvVarsInLog = 0;
		};
		ED9F59F81E906AFB922A41EC /* [CP] Check Pods Manifest.lock */ = {
			isa = PBXShellScriptBuildPhase;
			buildActionMask = 2147483647;
			files = (
			);
			inputPaths = (
			);
			name = "[CP] Check Pods Manifest.lock";
			outputPaths = (
			);
			runOnlyForDeploymentPostprocessing = 0;
			shellPath = /bin/sh;
			shellScript = "diff \"${PODS_ROOT}/../Podfile.lock\" \"${PODS_ROOT}/Manifest.lock\" > /dev/null\nif [ $? != 0 ] ; then\n    # print error to STDERR\n    echo \"error: The sandbox is not in sync with the Podfile.lock. Run 'pod install' or update your CocoaPods installation.\" >&2\n    exit 1\nfi\n";
			showEnvVarsInLog = 0;
		};
		EFA611EACC85A9B655512BDE /* [CP] Embed Pods Frameworks */ = {
			isa = PBXShellScriptBuildPhase;
			buildActionMask = 2147483647;
			files = (
			);
			inputPaths = (
			);
			name = "[CP] Embed Pods Frameworks";
			outputPaths = (
			);
			runOnlyForDeploymentPostprocessing = 0;
			shellPath = /bin/sh;
			shellScript = "\"${SRCROOT}/Pods/Target Support Files/Pods-MusicianTests/Pods-MusicianTests-frameworks.sh\"\n";
			showEnvVarsInLog = 0;
		};
		F40D814FFD2A011BE8BEA014 /* [CP] Check Pods Manifest.lock */ = {
			isa = PBXShellScriptBuildPhase;
			buildActionMask = 2147483647;
			files = (
			);
			inputPaths = (
			);
			name = "[CP] Check Pods Manifest.lock";
			outputPaths = (
			);
			runOnlyForDeploymentPostprocessing = 0;
			shellPath = /bin/sh;
			shellScript = "diff \"${PODS_ROOT}/../Podfile.lock\" \"${PODS_ROOT}/Manifest.lock\" > /dev/null\nif [ $? != 0 ] ; then\n    # print error to STDERR\n    echo \"error: The sandbox is not in sync with the Podfile.lock. Run 'pod install' or update your CocoaPods installation.\" >&2\n    exit 1\nfi\n";
			showEnvVarsInLog = 0;
		};
/* End PBXShellScriptBuildPhase section */

/* Begin PBXSourcesBuildPhase section */
		432AE51D1EEE1603004A315D /* Sources */ = {
			isa = PBXSourcesBuildPhase;
			buildActionMask = 2147483647;
			files = (
				437D6ED91EF597FB00FD0A8F /* VenueDetailsTableViewController.swift in Sources */,
				43CB920E1F0E969C000A2502 /* RadioCampaignOverviewViewController.swift in Sources */,
				43CB92001EFD7C1D000A2502 /* ShowDateViewController.swift in Sources */,
				437D6EE91EFC234D00FD0A8F /* WelcomeViewController.swift in Sources */,
				437D6EDF1EF9D85C00FD0A8F /* RadioContactsTableViewController.swift in Sources */,
				4349363C1F107D710086C240 /* MusicianBookingPlusViewController.swift in Sources */,
				43CB92081F014D02000A2502 /* AddStationTableViewController.swift in Sources */,
				437D6ED71EF381AB00FD0A8F /* AddVenueTableViewController.swift in Sources */,
				43CB920A1F03E88F000A2502 /* TourVenueDetailsTableViewController.swift in Sources */,
				437D6ED11EF0980300FD0A8F /* VCMapView.swift in Sources */,
				438A580B1F95224800184CAC /* UserListTableViewCell.swift in Sources */,
				437D6ECD1EF096B000FD0A8F /* ViewController.swift in Sources */,
				43235F661F88103D005C5ED6 /* TaskTableViewCell.swift in Sources */,
				438A58091F95103000184CAC /* UserListTableViewController.swift in Sources */,
				437D6EE11EF9DEC500FD0A8F /* StationDetailsTableViewController.swift in Sources */,
				43CB920C1F047675000A2502 /* BandInfoViewController.swift in Sources */,
				43CB92141F0E9FE7000A2502 /* StepByStepPreparationViewController.swift in Sources */,
				437D6EE31EFAE2A400FD0A8F /* LogInViewController.swift in Sources */,
				437D6ED51EF1EDC800FD0A8F /* City.swift in Sources */,
				437D6ED31EF1CFE200FD0A8F /* ContactsTableViewController.swift in Sources */,
				437D6EE71EFC1DBA00FD0A8F /* SignUpViewController.swift in Sources */,
				43CB92061F004430000A2502 /* SupportTableViewController.swift in Sources */,
				43DA1B0B1F82D5D100C0E889 /* CalendarTableViewController.swift in Sources */,
				437D6EE51EFAF01300FD0A8F /* ManageTourTableViewController.swift in Sources */,
				43CB92101F0E98C9000A2502 /* SampleOneSheetViewController.swift in Sources */,
				43CB92121F0E9D2F000A2502 /* SamplePackagingViewController.swift in Sources */,
				437D6ECF1EF0979300FD0A8F /* Artwork.swift in Sources */,
				432AE5251EEE1603004A315D /* AppDelegate.swift in Sources */,
				43235F681F89B460005C5ED6 /* ManageTourTableViewCell.swift in Sources */,
				437D6EDB1EF720F500FD0A8F /* BookingTemplatesTableViewController.swift in Sources */,
			);
			runOnlyForDeploymentPostprocessing = 0;
		};
		432AE5331EEE1604004A315D /* Sources */ = {
			isa = PBXSourcesBuildPhase;
			buildActionMask = 2147483647;
			files = (
				432AE53C1EEE1604004A315D /* MusicianTests.swift in Sources */,
			);
			runOnlyForDeploymentPostprocessing = 0;
		};
		432AE53E1EEE1604004A315D /* Sources */ = {
			isa = PBXSourcesBuildPhase;
			buildActionMask = 2147483647;
			files = (
				432AE5471EEE1604004A315D /* MusicianUITests.swift in Sources */,
			);
			runOnlyForDeploymentPostprocessing = 0;
		};
/* End PBXSourcesBuildPhase section */

/* Begin PBXTargetDependency section */
		432AE5391EEE1604004A315D /* PBXTargetDependency */ = {
			isa = PBXTargetDependency;
			target = 432AE5201EEE1603004A315D /* Musician */;
			targetProxy = 432AE5381EEE1604004A315D /* PBXContainerItemProxy */;
		};
		432AE5441EEE1604004A315D /* PBXTargetDependency */ = {
			isa = PBXTargetDependency;
			target = 432AE5201EEE1603004A315D /* Musician */;
			targetProxy = 432AE5431EEE1604004A315D /* PBXContainerItemProxy */;
		};
/* End PBXTargetDependency section */

/* Begin PBXVariantGroup section */
		432AE52A1EEE1603004A315D /* Main.storyboard */ = {
			isa = PBXVariantGroup;
			children = (
				432AE52B1EEE1603004A315D /* Base */,
			);
			name = Main.storyboard;
			sourceTree = "<group>";
		};
		432AE52F1EEE1604004A315D /* LaunchScreen.storyboard */ = {
			isa = PBXVariantGroup;
			children = (
				432AE5301EEE1604004A315D /* Base */,
			);
			name = LaunchScreen.storyboard;
			sourceTree = "<group>";
		};
/* End PBXVariantGroup section */

/* Begin XCBuildConfiguration section */
		432AE5491EEE1604004A315D /* Debug */ = {
			isa = XCBuildConfiguration;
			buildSettings = {
				ALWAYS_SEARCH_USER_PATHS = NO;
				CLANG_ANALYZER_NONNULL = YES;
				CLANG_ANALYZER_NUMBER_OBJECT_CONVERSION = YES_AGGRESSIVE;
				CLANG_CXX_LANGUAGE_STANDARD = "gnu++0x";
				CLANG_CXX_LIBRARY = "libc++";
				CLANG_ENABLE_MODULES = YES;
				CLANG_ENABLE_OBJC_ARC = YES;
				CLANG_WARN_BOOL_CONVERSION = YES;
				CLANG_WARN_CONSTANT_CONVERSION = YES;
				CLANG_WARN_DIRECT_OBJC_ISA_USAGE = YES_ERROR;
				CLANG_WARN_DOCUMENTATION_COMMENTS = YES;
				CLANG_WARN_EMPTY_BODY = YES;
				CLANG_WARN_ENUM_CONVERSION = YES;
				CLANG_WARN_INFINITE_RECURSION = YES;
				CLANG_WARN_INT_CONVERSION = YES;
				CLANG_WARN_OBJC_ROOT_CLASS = YES_ERROR;
				CLANG_WARN_SUSPICIOUS_MOVE = YES;
				CLANG_WARN_UNREACHABLE_CODE = YES;
				CLANG_WARN__DUPLICATE_METHOD_MATCH = YES;
				"CODE_SIGN_IDENTITY[sdk=iphoneos*]" = "iPhone Developer";
				COPY_PHASE_STRIP = NO;
				DEBUG_INFORMATION_FORMAT = dwarf;
				ENABLE_STRICT_OBJC_MSGSEND = YES;
				ENABLE_TESTABILITY = YES;
				GCC_C_LANGUAGE_STANDARD = gnu99;
				GCC_DYNAMIC_NO_PIC = NO;
				GCC_NO_COMMON_BLOCKS = YES;
				GCC_OPTIMIZATION_LEVEL = 0;
				GCC_PREPROCESSOR_DEFINITIONS = (
					"DEBUG=1",
					"$(inherited)",
				);
				GCC_WARN_64_TO_32_BIT_CONVERSION = YES;
				GCC_WARN_ABOUT_RETURN_TYPE = YES_ERROR;
				GCC_WARN_UNDECLARED_SELECTOR = YES;
				GCC_WARN_UNINITIALIZED_AUTOS = YES_AGGRESSIVE;
				GCC_WARN_UNUSED_FUNCTION = YES;
				GCC_WARN_UNUSED_VARIABLE = YES;
				IPHONEOS_DEPLOYMENT_TARGET = 10.3;
				MTL_ENABLE_DEBUG_INFO = YES;
				ONLY_ACTIVE_ARCH = YES;
				SDKROOT = iphoneos;
				SWIFT_ACTIVE_COMPILATION_CONDITIONS = DEBUG;
				SWIFT_OPTIMIZATION_LEVEL = "-Onone";
				TARGETED_DEVICE_FAMILY = "1,2";
			};
			name = Debug;
		};
		432AE54A1EEE1604004A315D /* Release */ = {
			isa = XCBuildConfiguration;
			buildSettings = {
				ALWAYS_SEARCH_USER_PATHS = NO;
				CLANG_ANALYZER_NONNULL = YES;
				CLANG_ANALYZER_NUMBER_OBJECT_CONVERSION = YES_AGGRESSIVE;
				CLANG_CXX_LANGUAGE_STANDARD = "gnu++0x";
				CLANG_CXX_LIBRARY = "libc++";
				CLANG_ENABLE_MODULES = YES;
				CLANG_ENABLE_OBJC_ARC = YES;
				CLANG_WARN_BOOL_CONVERSION = YES;
				CLANG_WARN_CONSTANT_CONVERSION = YES;
				CLANG_WARN_DIRECT_OBJC_ISA_USAGE = YES_ERROR;
				CLANG_WARN_DOCUMENTATION_COMMENTS = YES;
				CLANG_WARN_EMPTY_BODY = YES;
				CLANG_WARN_ENUM_CONVERSION = YES;
				CLANG_WARN_INFINITE_RECURSION = YES;
				CLANG_WARN_INT_CONVERSION = YES;
				CLANG_WARN_OBJC_ROOT_CLASS = YES_ERROR;
				CLANG_WARN_SUSPICIOUS_MOVE = YES;
				CLANG_WARN_UNREACHABLE_CODE = YES;
				CLANG_WARN__DUPLICATE_METHOD_MATCH = YES;
				"CODE_SIGN_IDENTITY[sdk=iphoneos*]" = "iPhone Developer";
				COPY_PHASE_STRIP = NO;
				DEBUG_INFORMATION_FORMAT = "dwarf-with-dsym";
				ENABLE_NS_ASSERTIONS = NO;
				ENABLE_STRICT_OBJC_MSGSEND = YES;
				GCC_C_LANGUAGE_STANDARD = gnu99;
				GCC_NO_COMMON_BLOCKS = YES;
				GCC_WARN_64_TO_32_BIT_CONVERSION = YES;
				GCC_WARN_ABOUT_RETURN_TYPE = YES_ERROR;
				GCC_WARN_UNDECLARED_SELECTOR = YES;
				GCC_WARN_UNINITIALIZED_AUTOS = YES_AGGRESSIVE;
				GCC_WARN_UNUSED_FUNCTION = YES;
				GCC_WARN_UNUSED_VARIABLE = YES;
				IPHONEOS_DEPLOYMENT_TARGET = 10.3;
				MTL_ENABLE_DEBUG_INFO = NO;
				SDKROOT = iphoneos;
				SWIFT_OPTIMIZATION_LEVEL = "-Owholemodule";
				TARGETED_DEVICE_FAMILY = "1,2";
				VALIDATE_PRODUCT = YES;
			};
			name = Release;
		};
		432AE54C1EEE1604004A315D /* Debug */ = {
			isa = XCBuildConfiguration;
			baseConfigurationReference = A2FE3F5B3542A09B7AD94896 /* Pods-Musician.debug.xcconfig */;
			buildSettings = {
				ASSETCATALOG_COMPILER_APPICON_NAME = AppIcon;
				"CODE_SIGN_IDENTITY[sdk=iphoneos*]" = "iPhone Developer";
				DEVELOPMENT_TEAM = 24E54K9DKU;
				INFOPLIST_FILE = Musician/Info.plist;
				LD_RUNPATH_SEARCH_PATHS = "$(inherited) @executable_path/Frameworks";
				PRODUCT_BUNDLE_IDENTIFIER = com.finleyknight.indietour;
				PRODUCT_NAME = "$(TARGET_NAME)";
				PROVISIONING_PROFILE_SPECIFIER = "";
				SWIFT_VERSION = 3.0;
			};
			name = Debug;
		};
		432AE54D1EEE1604004A315D /* Release */ = {
			isa = XCBuildConfiguration;
			baseConfigurationReference = 44F2824FC8B4D53EACED2C43 /* Pods-Musician.release.xcconfig */;
			buildSettings = {
				ASSETCATALOG_COMPILER_APPICON_NAME = AppIcon;
				"CODE_SIGN_IDENTITY[sdk=iphoneos*]" = "iPhone Developer";
				DEVELOPMENT_TEAM = 24E54K9DKU;
				INFOPLIST_FILE = Musician/Info.plist;
				LD_RUNPATH_SEARCH_PATHS = "$(inherited) @executable_path/Frameworks";
				PRODUCT_BUNDLE_IDENTIFIER = com.finleyknight.indietour;
				PRODUCT_NAME = "$(TARGET_NAME)";
				PROVISIONING_PROFILE_SPECIFIER = "";
				SWIFT_VERSION = 3.0;
			};
			name = Release;
		};
		432AE54F1EEE1604004A315D /* Debug */ = {
			isa = XCBuildConfiguration;
			baseConfigurationReference = ACECEC7BC4BC2ED64F342246 /* Pods-MusicianTests.debug.xcconfig */;
			buildSettings = {
				ALWAYS_EMBED_SWIFT_STANDARD_LIBRARIES = YES;
				BUNDLE_LOADER = "$(TEST_HOST)";
				INFOPLIST_FILE = MusicianTests/Info.plist;
				LD_RUNPATH_SEARCH_PATHS = "$(inherited) @executable_path/Frameworks @loader_path/Frameworks";
				PRODUCT_BUNDLE_IDENTIFIER = JohnDetjen.MusicianTests;
				PRODUCT_NAME = "$(TARGET_NAME)";
				SWIFT_VERSION = 3.0;
				TEST_HOST = "$(BUILT_PRODUCTS_DIR)/Musician.app/Musician";
			};
			name = Debug;
		};
		432AE5501EEE1604004A315D /* Release */ = {
			isa = XCBuildConfiguration;
			baseConfigurationReference = 2BD255091B88741137ADC0B2 /* Pods-MusicianTests.release.xcconfig */;
			buildSettings = {
				ALWAYS_EMBED_SWIFT_STANDARD_LIBRARIES = YES;
				BUNDLE_LOADER = "$(TEST_HOST)";
				INFOPLIST_FILE = MusicianTests/Info.plist;
				LD_RUNPATH_SEARCH_PATHS = "$(inherited) @executable_path/Frameworks @loader_path/Frameworks";
				PRODUCT_BUNDLE_IDENTIFIER = JohnDetjen.MusicianTests;
				PRODUCT_NAME = "$(TARGET_NAME)";
				SWIFT_VERSION = 3.0;
				TEST_HOST = "$(BUILT_PRODUCTS_DIR)/Musician.app/Musician";
			};
			name = Release;
		};
		432AE5521EEE1604004A315D /* Debug */ = {
			isa = XCBuildConfiguration;
			baseConfigurationReference = 6BAC581EC3F6BFBC42332772 /* Pods-MusicianUITests.debug.xcconfig */;
			buildSettings = {
				ALWAYS_EMBED_SWIFT_STANDARD_LIBRARIES = YES;
				INFOPLIST_FILE = MusicianUITests/Info.plist;
				LD_RUNPATH_SEARCH_PATHS = "$(inherited) @executable_path/Frameworks @loader_path/Frameworks";
				PRODUCT_BUNDLE_IDENTIFIER = JohnDetjen.MusicianUITests;
				PRODUCT_NAME = "$(TARGET_NAME)";
				SWIFT_VERSION = 3.0;
				TEST_TARGET_NAME = Musician;
			};
			name = Debug;
		};
		432AE5531EEE1604004A315D /* Release */ = {
			isa = XCBuildConfiguration;
			baseConfigurationReference = E8C1100D74BBA74D5324AF79 /* Pods-MusicianUITests.release.xcconfig */;
			buildSettings = {
				ALWAYS_EMBED_SWIFT_STANDARD_LIBRARIES = YES;
				INFOPLIST_FILE = MusicianUITests/Info.plist;
				LD_RUNPATH_SEARCH_PATHS = "$(inherited) @executable_path/Frameworks @loader_path/Frameworks";
				PRODUCT_BUNDLE_IDENTIFIER = JohnDetjen.MusicianUITests;
				PRODUCT_NAME = "$(TARGET_NAME)";
				SWIFT_VERSION = 3.0;
				TEST_TARGET_NAME = Musician;
			};
			name = Release;
		};
/* End XCBuildConfiguration section */

/* Begin XCConfigurationList section */
		432AE51C1EEE1603004A315D /* Build configuration list for PBXProject "Musician" */ = {
			isa = XCConfigurationList;
			buildConfigurations = (
				432AE5491EEE1604004A315D /* Debug */,
				432AE54A1EEE1604004A315D /* Release */,
			);
			defaultConfigurationIsVisible = 0;
			defaultConfigurationName = Release;
		};
		432AE54B1EEE1604004A315D /* Build configuration list for PBXNativeTarget "Musician" */ = {
			isa = XCConfigurationList;
			buildConfigurations = (
				432AE54C1EEE1604004A315D /* Debug */,
				432AE54D1EEE1604004A315D /* Release */,
			);
			defaultConfigurationIsVisible = 0;
			defaultConfigurationName = Release;
		};
		432AE54E1EEE1604004A315D /* Build configuration list for PBXNativeTarget "MusicianTests" */ = {
			isa = XCConfigurationList;
			buildConfigurations = (
				432AE54F1EEE1604004A315D /* Debug */,
				432AE5501EEE1604004A315D /* Release */,
			);
			defaultConfigurationIsVisible = 0;
			defaultConfigurationName = Release;
		};
		432AE5511EEE1604004A315D /* Build configuration list for PBXNativeTarget "MusicianUITests" */ = {
			isa = XCConfigurationList;
			buildConfigurations = (
				432AE5521EEE1604004A315D /* Debug */,
				432AE5531EEE1604004A315D /* Release */,
			);
			defaultConfigurationIsVisible = 0;
			defaultConfigurationName = Release;
		};
/* End XCConfigurationList section */
	};
	rootObject = 432AE5191EEE1603004A315D /* Project object */;
}
